
Microsoft Visual Studio Solution File, Format Version 12.00
# Visual Studio 14
VisualStudioVersion = 14.0.25420.1
MinimumVisualStudioVersion = 10.0.40219.1
Project("{FAE04EC0-301F-11D3-BF4B-00C04F79EFBC}") = "ImagesConverter.Data", "ImagesConverter.Data\ImagesConverter.Data.csproj", "{7D668E18-FA68-4FE3-B03A-013B910A3D0D}"
EndProject
Project("{FAE04EC0-301F-11D3-BF4B-00C04F79EFBC}") = "ImagesConverter.Web", "ImagesConverter.Web\ImagesConverter.Web.csproj", "{A899D979-A592-417D-824B-4766FA23D1BD}"
EndProject
Global
	GlobalSection(SolutionConfigurationPlatforms) = preSolution
		Debug|Any CPU = Debug|Any CPU
		Release|Any CPU = Release|Any CPU
	EndGlobalSection
	GlobalSection(ProjectConfigurationPlatforms) = postSolution
		{7D668E18-FA68-4FE3-B03A-013B910A3D0D}.Debug|Any CPU.ActiveCfg = Debug|Any CPU
		{7D668E18-FA68-4FE3-B03A-013B910A3D0D}.Debug|Any CPU.Build.0 = Debug|Any CPU
		{7D668E18-FA68-4FE3-B03A-013B910A3D0D}.Release|Any CPU.ActiveCfg = Release|Any CPU
		{7D668E18-FA68-4FE3-B03A-013B910A3D0D}.Release|Any CPU.Build.0 = Release|Any CPU
		{A899D979-A592-417D-824B-4766FA23D1BD}.Debug|Any CPU.ActiveCfg = Debug|Any CPU
		{A899D979-A592-417D-824B-4766FA23D1BD}.Debug|Any CPU.Build.0 = Debug|Any CPU
		{A899D979-A592-417D-824B-4766FA23D1BD}.Release|Any CPU.ActiveCfg = Release|Any CPU
		{A899D979-A592-417D-824B-4766FA23D1BD}.Release|Any CPU.Build.0 = Release|Any CPU
	EndGlobalSection
	GlobalSection(SolutionProperties) = preSolution
		HideSolutionNode = FALSE
	EndGlobalSection
EndGlobal
